// !$*UTF8*$!
{
	archiveVersion = 1;
	classes = {
	};
	objectVersion = 52;
	objects = {

/* Begin PBXBuildFile section */
		7742EC803DF7796B5EE23674 /* Pods_ChartTest.framework in Frameworks */ = {isa = PBXBuildFile; fileRef = BEDC1A9F383B7C3A621B2C4F /* Pods_ChartTest.framework */; };
		9732463E279A997700CE549D /* AppDelegate.swift in Sources */ = {isa = PBXBuildFile; fileRef = 9732463D279A997700CE549D /* AppDelegate.swift */; };
		97324640279A997700CE549D /* SceneDelegate.swift in Sources */ = {isa = PBXBuildFile; fileRef = 9732463F279A997700CE549D /* SceneDelegate.swift */; };
		97324647279A997900CE549D /* Assets.xcassets in Resources */ = {isa = PBXBuildFile; fileRef = 97324646279A997900CE549D /* Assets.xcassets */; };
		9732464A279A997900CE549D /* LaunchScreen.storyboard in Resources */ = {isa = PBXBuildFile; fileRef = 97324648279A997900CE549D /* LaunchScreen.storyboard */; };
		97A251A027BB4642002D5B5E /* LiveGraphView.swift in Sources */ = {isa = PBXBuildFile; fileRef = 97A2519F27BB4642002D5B5E /* LiveGraphView.swift */; };
		97A251A227BB4684002D5B5E /* ConnectionCheckViewController.swift in Sources */ = {isa = PBXBuildFile; fileRef = 97A251A127BB4684002D5B5E /* ConnectionCheckViewController.swift */; };
		97A251A427BB468D002D5B5E /* ConnectionCheckView.swift in Sources */ = {isa = PBXBuildFile; fileRef = 97A251A327BB468D002D5B5E /* ConnectionCheckView.swift */; };
		97A251A827BB4A8D002D5B5E /* SnapKit in Frameworks */ = {isa = PBXBuildFile; productRef = 97A251A727BB4A8D002D5B5E /* SnapKit */; };
		97A251AA27BB4B60002D5B5E /* BlueToothData.swift in Sources */ = {isa = PBXBuildFile; fileRef = 97A251A927BB4B60002D5B5E /* BlueToothData.swift */; };
		97B9CF29279B98C400E21400 /* LiveGraphViewController.swift in Sources */ = {isa = PBXBuildFile; fileRef = 97B9CF28279B98C400E21400 /* LiveGraphViewController.swift */; };
/* End PBXBuildFile section */

/* Begin PBXFileReference section */
		2FFF596589183B722FBB06F7 /* Pods-ChartTest.release.xcconfig */ = {isa = PBXFileReference; includeInIndex = 1; lastKnownFileType = text.xcconfig; name = "Pods-ChartTest.release.xcconfig"; path = "Target Support Files/Pods-ChartTest/Pods-ChartTest.release.xcconfig"; sourceTree = "<group>"; };
		711CEC43117070277407AAB3 /* Pods-ChartTest.debug.xcconfig */ = {isa = PBXFileReference; includeInIndex = 1; lastKnownFileType = text.xcconfig; name = "Pods-ChartTest.debug.xcconfig"; path = "Target Support Files/Pods-ChartTest/Pods-ChartTest.debug.xcconfig"; sourceTree = "<group>"; };
		9732463A279A997700CE549D /* ChartTest.app */ = {isa = PBXFileReference; explicitFileType = wrapper.application; includeInIndex = 0; path = ChartTest.app; sourceTree = BUILT_PRODUCTS_DIR; };
		9732463D279A997700CE549D /* AppDelegate.swift */ = {isa = PBXFileReference; lastKnownFileType = sourcecode.swift; path = AppDelegate.swift; sourceTree = "<group>"; };
		9732463F279A997700CE549D /* SceneDelegate.swift */ = {isa = PBXFileReference; lastKnownFileType = sourcecode.swift; path = SceneDelegate.swift; sourceTree = "<group>"; };
		97324646279A997900CE549D /* Assets.xcassets */ = {isa = PBXFileReference; lastKnownFileType = folder.assetcatalog; path = Assets.xcassets; sourceTree = "<group>"; };
		97324649279A997900CE549D /* Base */ = {isa = PBXFileReference; lastKnownFileType = file.storyboard; name = Base; path = Base.lproj/LaunchScreen.storyboard; sourceTree = "<group>"; };
		9732464B279A997900CE549D /* Info.plist */ = {isa = PBXFileReference; lastKnownFileType = text.plist.xml; path = Info.plist; sourceTree = "<group>"; };
		97A2519F27BB4642002D5B5E /* LiveGraphView.swift */ = {isa = PBXFileReference; lastKnownFileType = sourcecode.swift; path = LiveGraphView.swift; sourceTree = "<group>"; };
		97A251A127BB4684002D5B5E /* ConnectionCheckViewController.swift */ = {isa = PBXFileReference; fileEncoding = 4; lastKnownFileType = sourcecode.swift; name = ConnectionCheckViewController.swift; path = ../../../BlueToothTest/BlueToothTest/ViewController/ConnectionCheckViewController.swift; sourceTree = "<group>"; };
		97A251A327BB468D002D5B5E /* ConnectionCheckView.swift */ = {isa = PBXFileReference; fileEncoding = 4; lastKnownFileType = sourcecode.swift; name = ConnectionCheckView.swift; path = ../../../BlueToothTest/BlueToothTest/View/ConnectionCheckView.swift; sourceTree = "<group>"; };
		97A251A927BB4B60002D5B5E /* BlueToothData.swift */ = {isa = PBXFileReference; fileEncoding = 4; lastKnownFileType = sourcecode.swift; name = BlueToothData.swift; path = ../../../BlueToothTest/BlueToothTest/Model/BlueToothData.swift; sourceTree = "<group>"; };
		97B9CF28279B98C400E21400 /* LiveGraphViewController.swift */ = {isa = PBXFileReference; lastKnownFileType = sourcecode.swift; path = LiveGraphViewController.swift; sourceTree = "<group>"; };
		BEDC1A9F383B7C3A621B2C4F /* Pods_ChartTest.framework */ = {isa = PBXFileReference; explicitFileType = wrapper.framework; includeInIndex = 0; path = Pods_ChartTest.framework; sourceTree = BUILT_PRODUCTS_DIR; };
/* End PBXFileReference section */

/* Begin PBXFrameworksBuildPhase section */
		97324637279A997700CE549D /* Frameworks */ = {
			isa = PBXFrameworksBuildPhase;
			buildActionMask = 2147483647;
			files = (
				7742EC803DF7796B5EE23674 /* Pods_ChartTest.framework in Frameworks */,
				97A251A827BB4A8D002D5B5E /* SnapKit in Frameworks */,
			);
			runOnlyForDeploymentPostprocessing = 0;
		};
/* End PBXFrameworksBuildPhase section */

/* Begin PBXGroup section */
		3AAF6F395D405D79AE05315E /* Pods */ = {
			isa = PBXGroup;
			children = (
				711CEC43117070277407AAB3 /* Pods-ChartTest.debug.xcconfig */,
				2FFF596589183B722FBB06F7 /* Pods-ChartTest.release.xcconfig */,
			);
			path = Pods;
			sourceTree = "<group>";
		};
		97324631279A997700CE549D = {
			isa = PBXGroup;
			children = (
				9732463C279A997700CE549D /* ChartTest */,
				9732463B279A997700CE549D /* Products */,
				3AAF6F395D405D79AE05315E /* Pods */,
				ABA70D2378DFA2FF22A8BF6E /* Frameworks */,
			);
			sourceTree = "<group>";
		};
		9732463B279A997700CE549D /* Products */ = {
			isa = PBXGroup;
			children = (
				9732463A279A997700CE549D /* ChartTest.app */,
			);
			name = Products;
			sourceTree = "<group>";
		};
		9732463C279A997700CE549D /* ChartTest */ = {
			isa = PBXGroup;
			children = (
				9732463D279A997700CE549D /* AppDelegate.swift */,
				9732463F279A997700CE549D /* SceneDelegate.swift */,
				97A251A527BB46A7002D5B5E /* BlueTooth */,
				97A2519E27BB4622002D5B5E /* View */,
				97A2519D27BB4616002D5B5E /* ViewController */,
				97324646279A997900CE549D /* Assets.xcassets */,
				97324648279A997900CE549D /* LaunchScreen.storyboard */,
				9732464B279A997900CE549D /* Info.plist */,
			);
			path = ChartTest;
			sourceTree = "<group>";
		};
		97A2519D27BB4616002D5B5E /* ViewController */ = {
			isa = PBXGroup;
			children = (
				97B9CF28279B98C400E21400 /* LiveGraphViewController.swift */,
				97A251A127BB4684002D5B5E /* ConnectionCheckViewController.swift */,
			);
			path = ViewController;
			sourceTree = "<group>";
		};
		97A2519E27BB4622002D5B5E /* View */ = {
			isa = PBXGroup;
			children = (
				97A2519F27BB4642002D5B5E /* LiveGraphView.swift */,
				97A251A327BB468D002D5B5E /* ConnectionCheckView.swift */,
			);
			path = View;
			sourceTree = "<group>";
		};
		97A251A527BB46A7002D5B5E /* BlueTooth */ = {
			isa = PBXGroup;
			children = (
				97A251A927BB4B60002D5B5E /* BlueToothData.swift */,
			);
			path = BlueTooth;
			sourceTree = "<group>";
		};
		ABA70D2378DFA2FF22A8BF6E /* Frameworks */ = {
			isa = PBXGroup;
			children = (
				BEDC1A9F383B7C3A621B2C4F /* Pods_ChartTest.framework */,
			);
			name = Frameworks;
			sourceTree = "<group>";
		};
/* End PBXGroup section */

/* Begin PBXNativeTarget section */
		97324639279A997700CE549D /* ChartTest */ = {
			isa = PBXNativeTarget;
			buildConfigurationList = 9732464E279A997900CE549D /* Build configuration list for PBXNativeTarget "ChartTest" */;
			buildPhases = (
				F665056924EDDE14309E62C2 /* [CP] Check Pods Manifest.lock */,
				97324636279A997700CE549D /* Sources */,
				97324637279A997700CE549D /* Frameworks */,
				97324638279A997700CE549D /* Resources */,
				06A048FA94403B60209B6FB5 /* [CP] Embed Pods Frameworks */,
			);
			buildRules = (
			);
			dependencies = (
			);
			name = ChartTest;
			packageProductDependencies = (
				97A251A727BB4A8D002D5B5E /* SnapKit */,
			);
			productName = ChartTest;
			productReference = 9732463A279A997700CE549D /* ChartTest.app */;
			productType = "com.apple.product-type.application";
		};
/* End PBXNativeTarget section */

/* Begin PBXProject section */
		97324632279A997700CE549D /* Project object */ = {
			isa = PBXProject;
			attributes = {
				LastSwiftUpdateCheck = 1250;
				LastUpgradeCheck = 1250;
				TargetAttributes = {
					97324639279A997700CE549D = {
						CreatedOnToolsVersion = 12.5.1;
					};
				};
			};
			buildConfigurationList = 97324635279A997700CE549D /* Build configuration list for PBXProject "ChartTest" */;
			compatibilityVersion = "Xcode 9.3";
			developmentRegion = en;
			hasScannedForEncodings = 0;
			knownRegions = (
				en,
				Base,
			);
			mainGroup = 97324631279A997700CE549D;
			packageReferences = (
				97A251A627BB4A8D002D5B5E /* XCRemoteSwiftPackageReference "SnapKit" */,
			);
			productRefGroup = 9732463B279A997700CE549D /* Products */;
			projectDirPath = "";
			projectRoot = "";
			targets = (
				97324639279A997700CE549D /* ChartTest */,
			);
		};
/* End PBXProject section */

/* Begin PBXResourcesBuildPhase section */
		97324638279A997700CE549D /* Resources */ = {
			isa = PBXResourcesBuildPhase;
			buildActionMask = 2147483647;
			files = (
				9732464A279A997900CE549D /* LaunchScreen.storyboard in Resources */,
				97324647279A997900CE549D /* Assets.xcassets in Resources */,
			);
			runOnlyForDeploymentPostprocessing = 0;
		};
/* End PBXResourcesBuildPhase section */

/* Begin PBXShellScriptBuildPhase section */
		06A048FA94403B60209B6FB5 /* [CP] Embed Pods Frameworks */ = {
			isa = PBXShellScriptBuildPhase;
			buildActionMask = 2147483647;
			files = (
			);
			inputFileListPaths = (
				"${PODS_ROOT}/Target Support Files/Pods-ChartTest/Pods-ChartTest-frameworks-${CONFIGURATION}-input-files.xcfilelist",
			);
			name = "[CP] Embed Pods Frameworks";
			outputFileListPaths = (
				"${PODS_ROOT}/Target Support Files/Pods-ChartTest/Pods-ChartTest-frameworks-${CONFIGURATION}-output-files.xcfilelist",
			);
			runOnlyForDeploymentPostprocessing = 0;
			shellPath = /bin/sh;
			shellScript = "\"${PODS_ROOT}/Target Support Files/Pods-ChartTest/Pods-ChartTest-frameworks.sh\"\n";
			showEnvVarsInLog = 0;
		};
		F665056924EDDE14309E62C2 /* [CP] Check Pods Manifest.lock */ = {
			isa = PBXShellScriptBuildPhase;
			buildActionMask = 2147483647;
			files = (
			);
			inputFileListPaths = (
			);
			inputPaths = (
				"${PODS_PODFILE_DIR_PATH}/Podfile.lock",
				"${PODS_ROOT}/Manifest.lock",
			);
			name = "[CP] Check Pods Manifest.lock";
			outputFileListPaths = (
			);
			outputPaths = (
				"$(DERIVED_FILE_DIR)/Pods-ChartTest-checkManifestLockResult.txt",
			);
			runOnlyForDeploymentPostprocessing = 0;
			shellPath = /bin/sh;
			shellScript = "diff \"${PODS_PODFILE_DIR_PATH}/Podfile.lock\" \"${PODS_ROOT}/Manifest.lock\" > /dev/null\nif [ $? != 0 ] ; then\n    # print error to STDERR\n    echo \"error: The sandbox is not in sync with the Podfile.lock. Run 'pod install' or update your CocoaPods installation.\" >&2\n    exit 1\nfi\n# This output is used by Xcode 'outputs' to avoid re-running this script phase.\necho \"SUCCESS\" > \"${SCRIPT_OUTPUT_FILE_0}\"\n";
			showEnvVarsInLog = 0;
		};
/* End PBXShellScriptBuildPhase section */

/* Begin PBXSourcesBuildPhase section */
		97324636279A997700CE549D /* Sources */ = {
			isa = PBXSourcesBuildPhase;
			buildActionMask = 2147483647;
			files = (
				97B9CF29279B98C400E21400 /* LiveGraphViewController.swift in Sources */,
				97A251A027BB4642002D5B5E /* LiveGraphView.swift in Sources */,
				97A251A227BB4684002D5B5E /* ConnectionCheckViewController.swift in Sources */,
				97A251A427BB468D002D5B5E /* ConnectionCheckView.swift in Sources */,
				9732463E279A997700CE549D /* AppDelegate.swift in Sources */,
				97A251AA27BB4B60002D5B5E /* BlueToothData.swift in Sources */,
				97324640279A997700CE549D /* SceneDelegate.swift in Sources */,
			);
			runOnlyForDeploymentPostprocessing = 0;
		};
/* End PBXSourcesBuildPhase section */

/* Begin PBXVariantGroup section */
		97324648279A997900CE549D /* LaunchScreen.storyboard */ = {
			isa = PBXVariantGroup;
			children = (
				97324649279A997900CE549D /* Base */,
			);
			name = LaunchScreen.storyboard;
			sourceTree = "<group>";
		};
/* End PBXVariantGroup section */

/* Begin XCBuildConfiguration section */
		9732464C279A997900CE549D /* Debug */ = {
			isa = XCBuildConfiguration;
			buildSettings = {
				ALWAYS_SEARCH_USER_PATHS = NO;
				CLANG_ANALYZER_NONNULL = YES;
				CLANG_ANALYZER_NUMBER_OBJECT_CONVERSION = YES_AGGRESSIVE;
				CLANG_CXX_LANGUAGE_STANDARD = "gnu++14";
				CLANG_CXX_LIBRARY = "libc++";
				CLANG_ENABLE_MODULES = YES;
				CLANG_ENABLE_OBJC_ARC = YES;
				CLANG_ENABLE_OBJC_WEAK = YES;
				CLANG_WARN_BLOCK_CAPTURE_AUTORELEASING = YES;
				CLANG_WARN_BOOL_CONVERSION = YES;
				CLANG_WARN_COMMA = YES;
				CLANG_WARN_CONSTANT_CONVERSION = YES;
				CLANG_WARN_DEPRECATED_OBJC_IMPLEMENTATIONS = YES;
				CLANG_WARN_DIRECT_OBJC_ISA_USAGE = YES_ERROR;
				CLANG_WARN_DOCUMENTATION_COMMENTS = YES;
				CLANG_WARN_EMPTY_BODY = YES;
				CLANG_WARN_ENUM_CONVERSION = YES;
				CLANG_WARN_INFINITE_RECURSION = YES;
				CLANG_WARN_INT_CONVERSION = YES;
				CLANG_WARN_NON_LITERAL_NULL_CONVERSION = YES;
				CLANG_WARN_OBJC_IMPLICIT_RETAIN_SELF = YES;
				CLANG_WARN_OBJC_LITERAL_CONVERSION = YES;
				CLANG_WARN_OBJC_ROOT_CLASS = YES_ERROR;
				CLANG_WARN_QUOTED_INCLUDE_IN_FRAMEWORK_HEADER = YES;
				CLANG_WARN_RANGE_LOOP_ANALYSIS = YES;
				CLANG_WARN_STRICT_PROTOTYPES = YES;
				CLANG_WARN_SUSPICIOUS_MOVE = YES;
				CLANG_WARN_UNGUARDED_AVAILABILITY = YES_AGGRESSIVE;
				CLANG_WARN_UNREACHABLE_CODE = YES;
				CLANG_WARN__DUPLICATE_METHOD_MATCH = YES;
				COPY_PHASE_STRIP = NO;
				DEBUG_INFORMATION_FORMAT = dwarf;
				ENABLE_STRICT_OBJC_MSGSEND = YES;
				ENABLE_TESTABILITY = YES;
				GCC_C_LANGUAGE_STANDARD = gnu11;
				GCC_DYNAMIC_NO_PIC = NO;
				GCC_NO_COMMON_BLOCKS = YES;
				GCC_OPTIMIZATION_LEVEL = 0;
				GCC_PREPROCESSOR_DEFINITIONS = (
					"DEBUG=1",
					"$(inherited)",
				);
				GCC_WARN_64_TO_32_BIT_CONVERSION = YES;
				GCC_WARN_ABOUT_RETURN_TYPE = YES_ERROR;
				GCC_WARN_UNDECLARED_SELECTOR = YES;
				GCC_WARN_UNINITIALIZED_AUTOS = YES_AGGRESSIVE;
				GCC_WARN_UNUSED_FUNCTION = YES;
				GCC_WARN_UNUSED_VARIABLE = YES;
				IPHONEOS_DEPLOYMENT_TARGET = 14.5;
				MTL_ENABLE_DEBUG_INFO = INCLUDE_SOURCE;
				MTL_FAST_MATH = YES;
				ONLY_ACTIVE_ARCH = YES;
				SDKROOT = iphoneos;
				SWIFT_ACTIVE_COMPILATION_CONDITIONS = DEBUG;
				SWIFT_OPTIMIZATION_LEVEL = "-Onone";
			};
			name = Debug;
		};
		9732464D279A997900CE549D /* Release */ = {
			isa = XCBuildConfiguration;
			buildSettings = {
				ALWAYS_SEARCH_USER_PATHS = NO;
				CLANG_ANALYZER_NONNULL = YES;
				CLANG_ANALYZER_NUMBER_OBJECT_CONVERSION = YES_AGGRESSIVE;
				CLANG_CXX_LANGUAGE_STANDARD = "gnu++14";
				CLANG_CXX_LIBRARY = "libc++";
				CLANG_ENABLE_MODULES = YES;
				CLANG_ENABLE_OBJC_ARC = YES;
				CLANG_ENABLE_OBJC_WEAK = YES;
				CLANG_WARN_BLOCK_CAPTURE_AUTORELEASING = YES;
				CLANG_WARN_BOOL_CONVERSION = YES;
				CLANG_WARN_COMMA = YES;
				CLANG_WARN_CONSTANT_CONVERSION = YES;
				CLANG_WARN_DEPRECATED_OBJC_IMPLEMENTATIONS = YES;
				CLANG_WARN_DIRECT_OBJC_ISA_USAGE = YES_ERROR;
				CLANG_WARN_DOCUMENTATION_COMMENTS = YES;
				CLANG_WARN_EMPTY_BODY = YES;
				CLANG_WARN_ENUM_CONVERSION = YES;
				CLANG_WARN_INFINITE_RECURSION = YES;
				CLANG_WARN_INT_CONVERSION = YES;
				CLANG_WARN_NON_LITERAL_NULL_CONVERSION = YES;
				CLANG_WARN_OBJC_IMPLICIT_RETAIN_SELF = YES;
				CLANG_WARN_OBJC_LITERAL_CONVERSION = YES;
				CLANG_WARN_OBJC_ROOT_CLASS = YES_ERROR;
				CLANG_WARN_QUOTED_INCLUDE_IN_FRAMEWORK_HEADER = YES;
				CLANG_WARN_RANGE_LOOP_ANALYSIS = YES;
				CLANG_WARN_STRICT_PROTOTYPES = YES;
				CLANG_WARN_SUSPICIOUS_MOVE = YES;
				CLANG_WARN_UNGUARDED_AVAILABILITY = YES_AGGRESSIVE;
				CLANG_WARN_UNREACHABLE_CODE = YES;
				CLANG_WARN__DUPLICATE_METHOD_MATCH = YES;
				COPY_PHASE_STRIP = NO;
				DEBUG_INFORMATION_FORMAT = "dwarf-with-dsym";
				ENABLE_NS_ASSERTIONS = NO;
				ENABLE_STRICT_OBJC_MSGSEND = YES;
				GCC_C_LANGUAGE_STANDARD = gnu11;
				GCC_NO_COMMON_BLOCKS = YES;
				GCC_WARN_64_TO_32_BIT_CONVERSION = YES;
				GCC_WARN_ABOUT_RETURN_TYPE = YES_ERROR;
				GCC_WARN_UNDECLARED_SELECTOR = YES;
				GCC_WARN_UNINITIALIZED_AUTOS = YES_AGGRESSIVE;
				GCC_WARN_UNUSED_FUNCTION = YES;
				GCC_WARN_UNUSED_VARIABLE = YES;
				IPHONEOS_DEPLOYMENT_TARGET = 14.5;
				MTL_ENABLE_DEBUG_INFO = NO;
				MTL_FAST_MATH = YES;
				SDKROOT = iphoneos;
				SWIFT_COMPILATION_MODE = wholemodule;
				SWIFT_OPTIMIZATION_LEVEL = "-O";
				VALIDATE_PRODUCT = YES;
			};
			name = Release;
		};
		9732464F279A997900CE549D /* Debug */ = {
			isa = XCBuildConfiguration;
			baseConfigurationReference = 711CEC43117070277407AAB3 /* Pods-ChartTest.debug.xcconfig */;
			buildSettings = {
				ASSETCATALOG_COMPILER_APPICON_NAME = AppIcon;
				ASSETCATALOG_COMPILER_GLOBAL_ACCENT_COLOR_NAME = AccentColor;
				CODE_SIGN_STYLE = Automatic;
				INFOPLIST_FILE = ChartTest/Info.plist;
				LD_RUNPATH_SEARCH_PATHS = (
					"$(inherited)",
					"@executable_path/Frameworks",
				);
				PRODUCT_BUNDLE_IDENTIFIER = testing.ChartTest;
				PRODUCT_NAME = "$(TARGET_NAME)";
				SWIFT_VERSION = 5.0;
				TARGETED_DEVICE_FAMILY = "1,2";
			};
			name = Debug;
		};
		97324650279A997900CE549D /* Release */ = {
			isa = XCBuildConfiguration;
			baseConfigurationReference = 2FFF596589183B722FBB06F7 /* Pods-ChartTest.release.xcconfig */;
			buildSettings = {
				ASSETCATALOG_COMPILER_APPICON_NAME = AppIcon;
				ASSETCATALOG_COMPILER_GLOBAL_ACCENT_COLOR_NAME = AccentColor;
				CODE_SIGN_STYLE = Automatic;
				INFOPLIST_FILE = ChartTest/Info.plist;
				LD_RUNPATH_SEARCH_PATHS = (
					"$(inherited)",
					"@executable_path/Frameworks",
				);
				PRODUCT_BUNDLE_IDENTIFIER = testing.ChartTest;
				PRODUCT_NAME = "$(TARGET_NAME)";
				SWIFT_VERSION = 5.0;
				TARGETED_DEVICE_FAMILY = "1,2";
			};
			name = Release;
		};
/* End XCBuildConfiguration section */

/* Begin XCConfigurationList section */
		97324635279A997700CE549D /* Build configuration list for PBXProject "ChartTest" */ = {
			isa = XCConfigurationList;
			buildConfigurations = (
				9732464C279A997900CE549D /* Debug */,
				9732464D279A997900CE549D /* Release */,
			);
			defaultConfigurationIsVisible = 0;
			defaultConfigurationName = Release;
		};
		9732464E279A997900CE549D /* Build configuration list for PBXNativeTarget "ChartTest" */ = {
			isa = XCConfigurationList;
			buildConfigurations = (
				9732464F279A997900CE549D /* Debug */,
				97324650279A997900CE549D /* Release */,
			);
			defaultConfigurationIsVisible = 0;
			defaultConfigurationName = Release;
		};
/* End XCConfigurationList section */

/* Begin XCRemoteSwiftPackageReference section */
		97A251A627BB4A8D002D5B5E /* XCRemoteSwiftPackageReference "SnapKit" */ = {
			isa = XCRemoteSwiftPackageReference;
			repositoryURL = "https://github.com/SnapKit/SnapKit";
			requirement = {
				kind = upToNextMajorVersion;
				minimumVersion = 5.0.1;
			};
		};
/* End XCRemoteSwiftPackageReference section */

/* Begin XCSwiftPackageProductDependency section */
		97A251A727BB4A8D002D5B5E /* SnapKit */ = {
			isa = XCSwiftPackageProductDependency;
			package = 97A251A627BB4A8D002D5B5E /* XCRemoteSwiftPackageReference "SnapKit" */;
			productName = SnapKit;
		};
/* End XCSwiftPackageProductDependency section */
	};
	rootObject = 97324632279A997700CE549D /* Project object */;
}
